
Microsoft Visual Studio Solution File, Format Version 12.00
# Visual Studio 14
VisualStudioVersion = 14.0.25420.1
MinimumVisualStudioVersion = 10.0.40219.1
Project("{FAE04EC0-301F-11D3-BF4B-00C04F79EFBC}") = "RunningJournalApi.AcceptanceTests", "RunningJournalApi.AcceptanceTests\RunningJournalApi.AcceptanceTests.csproj", "{000C9142-80C8-45ED-B8F2-6E38879F6CBA}"
EndProject
Project("{FAE04EC0-301F-11D3-BF4B-00C04F79EFBC}") = "RunningJournalApi.AcceptanceTests.MSTest", "RunningJournalApi.AcceptanceTests.MSTest\RunningJournalApi.AcceptanceTests.MSTest.csproj", "{0E586419-3A46-46AF-939F-03FC0AC5A33D}"
EndProject
Project("{FAE04EC0-301F-11D3-BF4B-00C04F79EFBC}") = "RunningJournalApi", "RunningJournalApi\RunningJournalApi.csproj", "{BB88F4FD-2529-4699-80EB-4034A397280A}"
EndProject
Global
	GlobalSection(SolutionConfigurationPlatforms) = preSolution
		Debug|Any CPU = Debug|Any CPU
		Release|Any CPU = Release|Any CPU
	EndGlobalSection
	GlobalSection(ProjectConfigurationPlatforms) = postSolution
		{000C9142-80C8-45ED-B8F2-6E38879F6CBA}.Debug|Any CPU.ActiveCfg = Debug|Any CPU
		{000C9142-80C8-45ED-B8F2-6E38879F6CBA}.Debug|Any CPU.Build.0 = Debug|Any CPU
		{000C9142-80C8-45ED-B8F2-6E38879F6CBA}.Release|Any CPU.ActiveCfg = Release|Any CPU
		{000C9142-80C8-45ED-B8F2-6E38879F6CBA}.Release|Any CPU.Build.0 = Release|Any CPU
		{0E586419-3A46-46AF-939F-03FC0AC5A33D}.Debug|Any CPU.ActiveCfg = Debug|Any CPU
		{0E586419-3A46-46AF-939F-03FC0AC5A33D}.Debug|Any CPU.Build.0 = Debug|Any CPU
		{0E586419-3A46-46AF-939F-03FC0AC5A33D}.Release|Any CPU.ActiveCfg = Release|Any CPU
		{0E586419-3A46-46AF-939F-03FC0AC5A33D}.Release|Any CPU.Build.0 = Release|Any CPU
		{BB88F4FD-2529-4699-80EB-4034A397280A}.Debug|Any CPU.ActiveCfg = Debug|Any CPU
		{BB88F4FD-2529-4699-80EB-4034A397280A}.Debug|Any CPU.Build.0 = Debug|Any CPU
		{BB88F4FD-2529-4699-80EB-4034A397280A}.Release|Any CPU.ActiveCfg = Release|Any CPU
		{BB88F4FD-2529-4699-80EB-4034A397280A}.Release|Any CPU.Build.0 = Release|Any CPU
	EndGlobalSection
	GlobalSection(SolutionProperties) = preSolution
		HideSolutionNode = FALSE
	EndGlobalSection
EndGlobal
